#MicroXplorer Configuration settings - do not modify
ADC1.Channel-0\#ChannelRegularConversion=ADC_CHANNEL_10
ADC1.Channel-1\#ChannelRegularConversion=ADC_CHANNEL_12
ADC1.Channel-2\#ChannelRegularConversion=ADC_CHANNEL_13
ADC1.Channel-3\#ChannelRegularConversion=ADC_CHANNEL_0
ADC1.Channel-4\#ChannelRegularConversion=ADC_CHANNEL_3
ADC1.Channel-5\#ChannelRegularConversion=ADC_CHANNEL_8
ADC1.ContinuousConvMode=ENABLE
ADC1.IPParameters=Rank-0\#ChannelRegularConversion,Channel-0\#ChannelRegularConversion,SamplingTime-0\#ChannelRegularConversion,NbrOfConversionFlag,master,Rank-1\#ChannelRegularConversion,Channel-1\#ChannelRegularConversion,SamplingTime-1\#ChannelRegularConversion,Rank-2\#ChannelRegularConversion,Channel-2\#ChannelRegularConversion,SamplingTime-2\#ChannelRegularConversion,Rank-3\#ChannelRegularConversion,Channel-3\#ChannelRegularConversion,SamplingTime-3\#ChannelRegularConversion,Rank-4\#ChannelRegularConversion,Channel-4\#ChannelRegularConversion,SamplingTime-4\#ChannelRegularConversion,Rank-5\#ChannelRegularConversion,Channel-5\#ChannelRegularConversion,SamplingTime-5\#ChannelRegularConversion,NbrOfConversion,ContinuousConvMode
ADC1.NbrOfConversion=6
ADC1.NbrOfConversionFlag=1
ADC1.Rank-0\#ChannelRegularConversion=1
ADC1.Rank-1\#ChannelRegularConversion=2
ADC1.Rank-2\#ChannelRegularConversion=3
ADC1.Rank-3\#ChannelRegularConversion=4
ADC1.Rank-4\#ChannelRegularConversion=5
ADC1.Rank-5\#ChannelRegularConversion=6
ADC1.SamplingTime-0\#ChannelRegularConversion=ADC_SAMPLETIME_239CYCLES_5
ADC1.SamplingTime-1\#ChannelRegularConversion=ADC_SAMPLETIME_239CYCLES_5
ADC1.SamplingTime-2\#ChannelRegularConversion=ADC_SAMPLETIME_239CYCLES_5
ADC1.SamplingTime-3\#ChannelRegularConversion=ADC_SAMPLETIME_239CYCLES_5
ADC1.SamplingTime-4\#ChannelRegularConversion=ADC_SAMPLETIME_239CYCLES_5
ADC1.SamplingTime-5\#ChannelRegularConversion=ADC_SAMPLETIME_239CYCLES_5
ADC1.master=1
CAD.formats=
CAD.pinconfig=
CAD.provider=
CAN1.BS1=CAN_BS1_6TQ
CAN1.CalculateBaudRate=250000
CAN1.CalculateTimeBit=4000
CAN1.CalculateTimeQuantum=500.0
CAN1.IPParameters=CalculateTimeQuantum,CalculateTimeBit,CalculateBaudRate,Prescaler,BS1
CAN1.Prescaler=18
CAN2.BS1=CAN_BS1_6TQ
CAN2.CalculateBaudRate=125000
CAN2.CalculateTimeBit=8000
CAN2.CalculateTimeQuantum=1000.0
CAN2.IPParameters=CalculateTimeQuantum,CalculateTimeBit,CalculateBaudRate,Prescaler,BS1
CAN2.Prescaler=36
Dma.ADC1.0.Direction=DMA_PERIPH_TO_MEMORY
Dma.ADC1.0.Instance=DMA1_Channel1
Dma.ADC1.0.MemDataAlignment=DMA_MDATAALIGN_HALFWORD
Dma.ADC1.0.MemInc=DMA_MINC_ENABLE
Dma.ADC1.0.Mode=DMA_NORMAL
Dma.ADC1.0.PeriphDataAlignment=DMA_PDATAALIGN_HALFWORD
Dma.ADC1.0.PeriphInc=DMA_PINC_DISABLE
Dma.ADC1.0.Priority=DMA_PRIORITY_LOW
Dma.ADC1.0.RequestParameters=Instance,Direction,PeriphInc,MemInc,PeriphDataAlignment,MemDataAlignment,Mode,Priority
Dma.Request0=ADC1
Dma.RequestsNb=1
ETH.IPParameters=MediaInterface,PHY_SR
ETH.MediaInterface=ETH_MEDIA_INTERFACE_RMII
ETH.PHY_SR=0x01
FREERTOS.FootprintOK=true
FREERTOS.IPParameters=Tasks01,FootprintOK
FREERTOS.Tasks01=defaultTask,0,128,StartDefaultTask,Default,NULL,Dynamic,NULL,NULL;DEALUASRT,0,128,dealusart_task,As external,NULL,Dynamic,NULL,NULL;USARTC,0,128,usartc_rxtask,As external,NULL,Dynamic,NULL,NULL;CAN1TASK,0,128,can1_task,As external,NULL,Dynamic,NULL,NULL;CAN2TASK,0,128,can2_task,As external,NULL,Dynamic,NULL,NULL
File.Version=6
GPIO.groupedBy=Group By Peripherals
KeepUserPlacement=false
LWIP.CHECKSUM_BY_HARDWARE=0
LWIP.GATEWAY_ADDRESS=192.168.018.001
LWIP.IPParameters=CHECKSUM_BY_HARDWARE,LWIP_DHCP,IP_ADDRESS,NETMASK_ADDRESS,GATEWAY_ADDRESS
LWIP.IP_ADDRESS=192.168.018.144
LWIP.LWIP_DHCP=0
LWIP.NETMASK_ADDRESS=255.255.255.000
LWIP.Version=v2.0.3_Cube
Mcu.CPN=STM32F107VCT6
Mcu.Family=STM32F1
Mcu.IP0=ADC1
Mcu.IP1=CAN1
Mcu.IP10=RTC
Mcu.IP11=SYS
Mcu.IP12=TIM2
Mcu.IP13=UART5
Mcu.IP14=USART1
Mcu.IP15=USART2
Mcu.IP16=USART3
Mcu.IP2=CAN2
Mcu.IP3=DMA
Mcu.IP4=ETH
Mcu.IP5=FREERTOS
Mcu.IP6=I2C1
Mcu.IP7=LWIP
Mcu.IP8=NVIC
Mcu.IP9=RCC
Mcu.IPNb=17
Mcu.Name=STM32F107V(B-C)Tx
Mcu.Package=LQFP100
Mcu.Pin0=PE2
Mcu.Pin1=PE3
Mcu.Pin10=PC3
Mcu.Pin11=PA0-WKUP
Mcu.Pin12=PA1
Mcu.Pin13=PA2
Mcu.Pin14=PA3
Mcu.Pin15=PA4
Mcu.Pin16=PA5
Mcu.Pin17=PA6
Mcu.Pin18=PB0
Mcu.Pin19=PB1
Mcu.Pin2=PE6
Mcu.Pin20=PE7
Mcu.Pin21=PE8
Mcu.Pin22=PE9
Mcu.Pin23=PE10
Mcu.Pin24=PE11
Mcu.Pin25=PE12
Mcu.Pin26=PE13
Mcu.Pin27=PE14
Mcu.Pin28=PE15
Mcu.Pin29=PB11
Mcu.Pin3=PC14-OSC32_IN
Mcu.Pin30=PB12
Mcu.Pin31=PB13
Mcu.Pin32=PD8
Mcu.Pin33=PD9
Mcu.Pin34=PD10
Mcu.Pin35=PD13
Mcu.Pin36=PD14
Mcu.Pin37=PD15
Mcu.Pin38=PC6
Mcu.Pin39=PC7
Mcu.Pin4=PC15-OSC32_OUT
Mcu.Pin40=PC8
Mcu.Pin41=PC9
Mcu.Pin42=PA8
Mcu.Pin43=PA9
Mcu.Pin44=PA10
Mcu.Pin45=PA11
Mcu.Pin46=PA12
Mcu.Pin47=PA13
Mcu.Pin48=PA14
Mcu.Pin49=PA15
Mcu.Pin5=OSC_IN
Mcu.Pin50=PC10
Mcu.Pin51=PC11
Mcu.Pin52=PC12
Mcu.Pin53=PD0
Mcu.Pin54=PD1
Mcu.Pin55=PD2
Mcu.Pin56=PD3
Mcu.Pin57=PD5
Mcu.Pin58=PD6
Mcu.Pin59=PB5
Mcu.Pin6=OSC_OUT
Mcu.Pin60=PB6
Mcu.Pin61=PB8
Mcu.Pin62=PB9
Mcu.Pin63=PE0
Mcu.Pin64=VP_FREERTOS_VS_CMSIS_V1
Mcu.Pin65=VP_LWIP_VS_Enabled
Mcu.Pin66=VP_RTC_VS_RTC_Activate
Mcu.Pin67=VP_RTC_VS_RTC_Calendar
Mcu.Pin68=VP_SYS_VS_tim3
Mcu.Pin69=VP_TIM2_VS_ClockSourceINT
Mcu.Pin7=PC0
Mcu.Pin8=PC1
Mcu.Pin9=PC2
Mcu.PinsNb=70
Mcu.ThirdPartyNb=0
Mcu.UserConstants=
Mcu.UserName=STM32F107VCTx
MxCube.Version=6.5.0
MxDb.Version=DB.6.0.50
NVIC.BusFault_IRQn=true\:0\:0\:false\:false\:true\:false\:false\:false\:false
NVIC.CAN1_RX0_IRQn=true\:5\:0\:false\:false\:true\:true\:true\:true\:true
NVIC.CAN2_RX0_IRQn=true\:5\:0\:false\:false\:true\:true\:true\:true\:true
NVIC.DMA1_Channel1_IRQn=true\:5\:0\:false\:false\:true\:true\:false\:true\:true
NVIC.DebugMonitor_IRQn=true\:0\:0\:false\:false\:true\:false\:false\:false\:false
NVIC.ETH_IRQn=true\:5\:0\:false\:false\:true\:true\:false\:true\:true
NVIC.ForceEnableDMAVector=true
NVIC.HardFault_IRQn=true\:0\:0\:false\:false\:true\:false\:false\:false\:false
NVIC.MemoryManagement_IRQn=true\:0\:0\:false\:false\:true\:false\:false\:false\:false
NVIC.NonMaskableInt_IRQn=true\:0\:0\:false\:false\:true\:false\:false\:false\:false
NVIC.PendSV_IRQn=true\:15\:0\:false\:false\:false\:true\:false\:false\:false
NVIC.PriorityGroup=NVIC_PRIORITYGROUP_4
NVIC.SVCall_IRQn=true\:0\:0\:false\:false\:false\:false\:false\:false\:false
NVIC.SavedPendsvIrqHandlerGenerated=true
NVIC.SavedSvcallIrqHandlerGenerated=true
NVIC.SavedSystickIrqHandlerGenerated=true
NVIC.SysTick_IRQn=true\:15\:0\:false\:false\:false\:true\:false\:true\:false
NVIC.TIM2_IRQn=true\:5\:0\:false\:false\:true\:true\:true\:true\:true
NVIC.TIM3_IRQn=true\:15\:0\:false\:false\:true\:false\:false\:true\:true
NVIC.TimeBase=TIM3_IRQn
NVIC.TimeBaseIP=TIM3
NVIC.UART5_IRQn=true\:5\:0\:false\:false\:true\:true\:true\:true\:true
NVIC.USART1_IRQn=true\:5\:0\:false\:false\:true\:true\:true\:true\:true
NVIC.USART2_IRQn=true\:5\:0\:false\:false\:true\:true\:true\:true\:true
NVIC.USART3_IRQn=true\:5\:0\:false\:false\:true\:true\:true\:true\:true
NVIC.UsageFault_IRQn=true\:0\:0\:false\:false\:true\:false\:false\:false\:false
OSC_IN.Mode=HSE-External-Oscillator
OSC_IN.Signal=RCC_OSC_IN
OSC_OUT.Mode=HSE-External-Oscillator
OSC_OUT.Signal=RCC_OSC_OUT
PA0-WKUP.Locked=true
PA0-WKUP.Signal=ADCx_IN0
PA1.Mode=RMII
PA1.Signal=ETH_REF_CLK
PA10.Locked=true
PA10.Mode=Asynchronous
PA10.Signal=USART1_RX
PA11.GPIOParameters=GPIO_PuPd
PA11.GPIO_PuPd=GPIO_PULLUP
PA11.Locked=true
PA11.Signal=GPIO_Output
PA12.GPIOParameters=GPIO_PuPd
PA12.GPIO_PuPd=GPIO_PULLUP
PA12.Locked=true
PA12.Signal=GPIO_Output
PA13.Mode=Serial_Wire
PA13.Signal=SYS_JTMS-SWDIO
PA14.Mode=Serial_Wire
PA14.Signal=SYS_JTCK-SWCLK
PA15.Locked=true
PA15.Signal=GPIO_Output
PA2.Mode=RMII
PA2.Signal=ETH_MDIO
PA3.Locked=true
PA3.Signal=ADCx_IN3
PA4.Locked=true
PA4.Signal=GPIO_Output
PA5.Locked=true
PA5.Signal=SPI1_SCK
PA6.GPIOParameters=GPIO_PuPd
PA6.GPIO_PuPd=GPIO_PULLUP
PA6.Locked=true
PA6.Signal=SPI1_MISO
PA8.Locked=true
PA8.Signal=GPIO_Output
PA9.Locked=true
PA9.Mode=Asynchronous
PA9.Signal=USART1_TX
PB0.Locked=true
PB0.Signal=ADCx_IN8
PB1.Locked=true
PB1.Signal=GPIO_Output
PB11.Mode=RMII
PB11.Signal=ETH_TX_EN
PB12.Mode=RMII
PB12.Signal=ETH_TXD0
PB13.Mode=RMII
PB13.Signal=ETH_TXD1
PB5.GPIOParameters=GPIO_PuPd
PB5.GPIO_PuPd=GPIO_PULLUP
PB5.Locked=true
PB5.Mode=CAN_Activate
PB5.Signal=CAN2_RX
PB6.Locked=true
PB6.Mode=CAN_Activate
PB6.Signal=CAN2_TX
PB8.Locked=true
PB8.Mode=I2C
PB8.Signal=I2C1_SCL
PB9.Locked=true
PB9.Mode=I2C
PB9.Signal=I2C1_SDA
PC0.Locked=true
PC0.Signal=ADCx_IN10
PC1.Mode=RMII
PC1.Signal=ETH_MDC
PC10.Locked=true
PC10.Mode=Asynchronous
PC10.Signal=USART3_TX
PC11.Locked=true
PC11.Mode=Asynchronous
PC11.Signal=USART3_RX
PC12.Locked=true
PC12.Mode=Asynchronous
PC12.Signal=UART5_TX
PC14-OSC32_IN.Mode=LSE-External-Oscillator
PC14-OSC32_IN.Signal=RCC_OSC32_IN
PC15-OSC32_OUT.Mode=LSE-External-Oscillator
PC15-OSC32_OUT.Signal=RCC_OSC32_OUT
PC2.Locked=true
PC2.Signal=ADCx_IN12
PC3.Locked=true
PC3.Signal=ADCx_IN13
PC6.Locked=true
PC6.Signal=GPIO_Input
PC7.Locked=true
PC7.Signal=GPIO_Input
PC8.Locked=true
PC8.Signal=GPIO_Output
PC9.Locked=true
PC9.Signal=GPIO_Output
PD0.GPIOParameters=GPIO_PuPd
PD0.GPIO_PuPd=GPIO_PULLUP
PD0.Locked=true
PD0.Mode=CAN_Activate
PD0.Signal=CAN1_RX
PD1.Locked=true
PD1.Mode=CAN_Activate
PD1.Signal=CAN1_TX
PD10.Locked=true
PD10.Mode=RMII
PD10.Signal=ETH_RXD1
PD13.Locked=true
PD13.Signal=GPIO_Input
PD14.Locked=true
PD14.Signal=GPIO_Input
PD15.Locked=true
PD15.Signal=GPIO_Input
PD2.Locked=true
PD2.Mode=Asynchronous
PD2.Signal=UART5_RX
PD3.Locked=true
PD3.Signal=GPIO_Output
PD5.Locked=true
PD5.Mode=Asynchronous
PD5.Signal=USART2_TX
PD6.Locked=true
PD6.Mode=Asynchronous
PD6.Signal=USART2_RX
PD8.Locked=true
PD8.Mode=RMII
PD8.Signal=ETH_CRS_DV
PD9.Locked=true
PD9.Mode=RMII
PD9.Signal=ETH_RXD0
PE0.Locked=true
PE0.Signal=GPIO_Output
PE10.Locked=true
PE10.Signal=GPIO_Output
PE11.Locked=true
PE11.Signal=GPIO_Output
PE12.Locked=true
PE12.Signal=GPIO_Output
PE13.Locked=true
PE13.Signal=GPIO_Output
PE14.Locked=true
PE14.Signal=GPIO_Output
PE15.Locked=true
PE15.Signal=GPIO_Output
PE2.Locked=true
PE2.Signal=GPIO_Output
PE3.Locked=true
PE3.Signal=GPIO_Output
PE6.Locked=true
PE6.Signal=GPIO_Output
PE7.Locked=true
PE7.Signal=GPIO_Output
PE8.Locked=true
PE8.Signal=GPIO_Output
PE9.Locked=true
PE9.Signal=GPIO_Output
PinOutPanel.RotationAngle=0
ProjectManager.AskForMigrate=true
ProjectManager.BackupPrevious=false
ProjectManager.CompilerOptimize=6
ProjectManager.ComputerToolchain=false
ProjectManager.CoupleFile=true
ProjectManager.CustomerFirmwarePackage=
ProjectManager.DefaultFWLocation=true
ProjectManager.DeletePrevious=true
ProjectManager.DeviceId=STM32F107VCTx
ProjectManager.FirmwarePackage=STM32Cube FW_F1 V1.8.4
ProjectManager.FreePins=false
ProjectManager.HalAssertFull=false
ProjectManager.HeapSize=0x200
ProjectManager.KeepUserCode=true
ProjectManager.LastFirmware=true
ProjectManager.LibraryCopy=0
ProjectManager.MainLocation=Core/Src
ProjectManager.NoMain=false
ProjectManager.PreviousToolchain=
ProjectManager.ProjectBuild=false
ProjectManager.ProjectFileName=GDEMS.ioc
ProjectManager.ProjectName=GDEMS
ProjectManager.RegisterCallBack=
ProjectManager.StackSize=0x400
ProjectManager.TargetToolchain=MDK-ARM V5
ProjectManager.ToolChainLocation=
ProjectManager.UnderRoot=false
ProjectManager.functionlistsort=1-SystemClock_Config-RCC-false-HAL-false,2-MX_GPIO_Init-GPIO-false-HAL-true,3-MX_DMA_Init-DMA-false-HAL-true,4-MX_CAN1_Init-CAN1-false-HAL-true,5-MX_CAN2_Init-CAN2-false-HAL-true,6-MX_UART5_Init-UART5-false-HAL-true,7-MX_USART1_UART_Init-USART1-false-HAL-true,8-MX_USART3_UART_Init-USART3-false-HAL-true,9-MX_I2C1_Init-I2C1-false-HAL-true,10-MX_USART2_UART_Init-USART2-false-HAL-true,11-MX_TIM2_Init-TIM2-false-HAL-true,12-MX_ADC1_Init-ADC1-false-HAL-true,13-MX_RTC_Init-RTC-false-HAL-true,14-MX_LWIP_Init-LWIP-false-HAL-false
RCC.ADCFreqValue=12000000
RCC.ADCPresc=RCC_ADCPCLK2_DIV6
RCC.AHBFreq_Value=72000000
RCC.APB1CLKDivider=RCC_HCLK_DIV2
RCC.APB1Freq_Value=36000000
RCC.APB1TimFreq_Value=72000000
RCC.APB2Freq_Value=72000000
RCC.APB2TimFreq_Value=72000000
RCC.FCLKCortexFreq_Value=72000000
RCC.FamilyName=M
RCC.HCLKFreq_Value=72000000
RCC.I2S2Freq_Value=72000000
RCC.I2S3Freq_Value=72000000
RCC.IPParameters=ADCFreqValue,ADCPresc,AHBFreq_Value,APB1CLKDivider,APB1Freq_Value,APB1TimFreq_Value,APB2Freq_Value,APB2TimFreq_Value,FCLKCortexFreq_Value,FamilyName,HCLKFreq_Value,I2S2Freq_Value,I2S3Freq_Value,MCOFreq_Value,PLLCLKFreq_Value,PLLMUL,PLLSourceVirtual,SYSCLKFreq_VALUE,SYSCLKSource,TimSysFreq_Value,USBFreq_Value,VCOOutput2Freq_Value
RCC.MCOFreq_Value=72000000
RCC.PLLCLKFreq_Value=72000000
RCC.PLLMUL=RCC_PLL_MUL9
RCC.PLLSourceVirtual=RCC_PLLSOURCE_HSE
RCC.SYSCLKFreq_VALUE=72000000
RCC.SYSCLKSource=RCC_SYSCLKSOURCE_PLLCLK
RCC.TimSysFreq_Value=72000000
RCC.USBFreq_Value=48000000
RCC.VCOOutput2Freq_Value=8000000
SH.ADCx_IN0.0=ADC1_IN0,IN0
SH.ADCx_IN0.ConfNb=1
SH.ADCx_IN10.0=ADC1_IN10,IN10
SH.ADCx_IN10.ConfNb=1
SH.ADCx_IN12.0=ADC1_IN12,IN12
SH.ADCx_IN12.ConfNb=1
SH.ADCx_IN13.0=ADC1_IN13,IN13
SH.ADCx_IN13.ConfNb=1
SH.ADCx_IN3.0=ADC1_IN3,IN3
SH.ADCx_IN3.ConfNb=1
SH.ADCx_IN8.0=ADC1_IN8,IN8
SH.ADCx_IN8.ConfNb=1
TIM2.IPParameters=Prescaler,Period
TIM2.Period=1000
TIM2.Prescaler=72
UART5.IPParameters=VirtualMode
UART5.VirtualMode=Asynchronous
USART1.IPParameters=VirtualMode
USART1.VirtualMode=VM_ASYNC
USART2.IPParameters=VirtualMode
USART2.VirtualMode=VM_ASYNC
USART3.BaudRate=38400
USART3.IPParameters=VirtualMode,BaudRate
USART3.VirtualMode=VM_ASYNC
VP_FREERTOS_VS_CMSIS_V1.Mode=CMSIS_V1
VP_FREERTOS_VS_CMSIS_V1.Signal=FREERTOS_VS_CMSIS_V1
VP_LWIP_VS_Enabled.Mode=Enabled
VP_LWIP_VS_Enabled.Signal=LWIP_VS_Enabled
VP_RTC_VS_RTC_Activate.Mode=RTC_Enabled
VP_RTC_VS_RTC_Activate.Signal=RTC_VS_RTC_Activate
VP_RTC_VS_RTC_Calendar.Mode=RTC_Calendar
VP_RTC_VS_RTC_Calendar.Signal=RTC_VS_RTC_Calendar
VP_SYS_VS_tim3.Mode=TIM3
VP_SYS_VS_tim3.Signal=SYS_VS_tim3
VP_TIM2_VS_ClockSourceINT.Mode=Internal
VP_TIM2_VS_ClockSourceINT.Signal=TIM2_VS_ClockSourceINT
board=custom
